
Microsoft Visual Studio Solution File, Format Version 12.00
# Visual Studio Version 16
VisualStudioVersion = 16.0.34407.143
MinimumVisualStudioVersion = 10.0.40219.1
Project("{9A19103F-16F7-4668-BE54-9A1E7A4F7556}") = "EasySaveApp", "EasySaveApp\EasySaveApp.csproj", "{9B7E55F9-F329-4E5C-AC04-D80AA197DEA6}"
EndProject
Project("{9A19103F-16F7-4668-BE54-9A1E7A4F7556}") = "EasySaveApp_WPF", "..\..\..\Desktop\EasySaveApp_WPF\EasySaveApp_WPF\EasySaveApp_WPF.csproj", "{A83F302B-E552-471C-A9E3-31A8E79418B3}"
EndProject
Global
	GlobalSection(SolutionConfigurationPlatforms) = preSolution
		Debug|Any CPU = Debug|Any CPU
		Release|Any CPU = Release|Any CPU
	EndGlobalSection
	GlobalSection(ProjectConfigurationPlatforms) = postSolution
		{9B7E55F9-F329-4E5C-AC04-D80AA197DEA6}.Debug|Any CPU.ActiveCfg = Debug|Any CPU
		{9B7E55F9-F329-4E5C-AC04-D80AA197DEA6}.Debug|Any CPU.Build.0 = Debug|Any CPU
		{9B7E55F9-F329-4E5C-AC04-D80AA197DEA6}.Release|Any CPU.ActiveCfg = Release|Any CPU
		{9B7E55F9-F329-4E5C-AC04-D80AA197DEA6}.Release|Any CPU.Build.0 = Release|Any CPU
		{A83F302B-E552-471C-A9E3-31A8E79418B3}.Debug|Any CPU.ActiveCfg = Debug|Any CPU
		{A83F302B-E552-471C-A9E3-31A8E79418B3}.Debug|Any CPU.Build.0 = Debug|Any CPU
		{A83F302B-E552-471C-A9E3-31A8E79418B3}.Release|Any CPU.ActiveCfg = Release|Any CPU
		{A83F302B-E552-471C-A9E3-31A8E79418B3}.Release|Any CPU.Build.0 = Release|Any CPU
	EndGlobalSection
	GlobalSection(SolutionProperties) = preSolution
		HideSolutionNode = FALSE
	EndGlobalSection
	GlobalSection(ExtensibilityGlobals) = postSolution
		SolutionGuid = {70ABD90A-7625-43DE-8313-A3C760AE82C7}
	EndGlobalSection
EndGlobal
